
Microsoft Visual Studio Solution File, Format Version 12.00
# Visual Studio Version 17
VisualStudioVersion = 17.3.32819.101
MinimumVisualStudioVersion = 10.0.40219.1
Project("{9A19103F-16F7-4668-BE54-9A1E7A4F7556}") = "SmartEmployment.DataAccess", "SmartEmployment.DataAccess\SmartEmployment.DataAccess.csproj", "{6607D371-C71B-4683-A51A-816E98E099EC}"
EndProject
Project("{9A19103F-16F7-4668-BE54-9A1E7A4F7556}") = "SmartEmployment.Repository", "SmartEmployment.Repository\SmartEmployment.Repository.csproj", "{C9243E0A-08B1-4947-A5EB-A9B3EDF85E8D}"
EndProject
Project("{9A19103F-16F7-4668-BE54-9A1E7A4F7556}") = "SmartEmployment.Console", "SmartEmployment.Console\SmartEmployment.Console.csproj", "{87E4C8C3-740A-4D6F-BDB5-621B5D2312D6}"
EndProject
Project("{9A19103F-16F7-4668-BE54-9A1E7A4F7556}") = "SmartEmployment.MVC", "SmartEmployment.MVC\SmartEmployment.MVC.csproj", "{905C4C10-6FC4-4644-8AC6-780D86B8555B}"
EndProject
Project("{9A19103F-16F7-4668-BE54-9A1E7A4F7556}") = "SmartEmployment.Services", "SmartEmployment.Services\SmartEmployment.Services.csproj", "{71AA91BF-4CA5-4B09-958B-CF13469F53FF}"
EndProject
Project("{9A19103F-16F7-4668-BE54-9A1E7A4F7556}") = "SmartEmployment.API", "SmartEmployment.API\SmartEmployment.API.csproj", "{F70DC667-5F8F-46C5-A11D-7CD0DA5AC859}"
EndProject
Project("{FAE04EC0-301F-11D3-BF4B-00C04F79EFBC}") = "SmartEmployment.Authentication.API", "SmartEmployment.Authentication.API\SmartEmployment.Authentication.API.csproj", "{FB1C32A1-458E-473E-B761-34AB9EF94412}"
EndProject
Global
	GlobalSection(SolutionConfigurationPlatforms) = preSolution
		Debug|Any CPU = Debug|Any CPU
		Release|Any CPU = Release|Any CPU
	EndGlobalSection
	GlobalSection(ProjectConfigurationPlatforms) = postSolution
		{6607D371-C71B-4683-A51A-816E98E099EC}.Debug|Any CPU.ActiveCfg = Debug|Any CPU
		{6607D371-C71B-4683-A51A-816E98E099EC}.Debug|Any CPU.Build.0 = Debug|Any CPU
		{6607D371-C71B-4683-A51A-816E98E099EC}.Release|Any CPU.ActiveCfg = Release|Any CPU
		{6607D371-C71B-4683-A51A-816E98E099EC}.Release|Any CPU.Build.0 = Release|Any CPU
		{C9243E0A-08B1-4947-A5EB-A9B3EDF85E8D}.Debug|Any CPU.ActiveCfg = Debug|Any CPU
		{C9243E0A-08B1-4947-A5EB-A9B3EDF85E8D}.Debug|Any CPU.Build.0 = Debug|Any CPU
		{C9243E0A-08B1-4947-A5EB-A9B3EDF85E8D}.Release|Any CPU.ActiveCfg = Release|Any CPU
		{C9243E0A-08B1-4947-A5EB-A9B3EDF85E8D}.Release|Any CPU.Build.0 = Release|Any CPU
		{87E4C8C3-740A-4D6F-BDB5-621B5D2312D6}.Debug|Any CPU.ActiveCfg = Debug|Any CPU
		{87E4C8C3-740A-4D6F-BDB5-621B5D2312D6}.Debug|Any CPU.Build.0 = Debug|Any CPU
		{87E4C8C3-740A-4D6F-BDB5-621B5D2312D6}.Release|Any CPU.ActiveCfg = Release|Any CPU
		{87E4C8C3-740A-4D6F-BDB5-621B5D2312D6}.Release|Any CPU.Build.0 = Release|Any CPU
		{905C4C10-6FC4-4644-8AC6-780D86B8555B}.Debug|Any CPU.ActiveCfg = Debug|Any CPU
		{905C4C10-6FC4-4644-8AC6-780D86B8555B}.Debug|Any CPU.Build.0 = Debug|Any CPU
		{905C4C10-6FC4-4644-8AC6-780D86B8555B}.Release|Any CPU.ActiveCfg = Release|Any CPU
		{905C4C10-6FC4-4644-8AC6-780D86B8555B}.Release|Any CPU.Build.0 = Release|Any CPU
		{71AA91BF-4CA5-4B09-958B-CF13469F53FF}.Debug|Any CPU.ActiveCfg = Debug|Any CPU
		{71AA91BF-4CA5-4B09-958B-CF13469F53FF}.Debug|Any CPU.Build.0 = Debug|Any CPU
		{71AA91BF-4CA5-4B09-958B-CF13469F53FF}.Release|Any CPU.ActiveCfg = Release|Any CPU
		{71AA91BF-4CA5-4B09-958B-CF13469F53FF}.Release|Any CPU.Build.0 = Release|Any CPU
		{F70DC667-5F8F-46C5-A11D-7CD0DA5AC859}.Debug|Any CPU.ActiveCfg = Debug|Any CPU
		{F70DC667-5F8F-46C5-A11D-7CD0DA5AC859}.Debug|Any CPU.Build.0 = Debug|Any CPU
		{F70DC667-5F8F-46C5-A11D-7CD0DA5AC859}.Release|Any CPU.ActiveCfg = Release|Any CPU
		{F70DC667-5F8F-46C5-A11D-7CD0DA5AC859}.Release|Any CPU.Build.0 = Release|Any CPU
		{FB1C32A1-458E-473E-B761-34AB9EF94412}.Debug|Any CPU.ActiveCfg = Debug|Any CPU
		{FB1C32A1-458E-473E-B761-34AB9EF94412}.Debug|Any CPU.Build.0 = Debug|Any CPU
		{FB1C32A1-458E-473E-B761-34AB9EF94412}.Release|Any CPU.ActiveCfg = Release|Any CPU
		{FB1C32A1-458E-473E-B761-34AB9EF94412}.Release|Any CPU.Build.0 = Release|Any CPU
	EndGlobalSection
	GlobalSection(SolutionProperties) = preSolution
		HideSolutionNode = FALSE
	EndGlobalSection
	GlobalSection(ExtensibilityGlobals) = postSolution
		SolutionGuid = {24CCB855-DF8B-4337-9178-04BFAD7CF552}
	EndGlobalSection
EndGlobal
