
Microsoft Visual Studio Solution File, Format Version 12.00
# Visual Studio Version 17
VisualStudioVersion = 17.3.32819.101
MinimumVisualStudioVersion = 10.0.40219.1
Project("{FAE04EC0-301F-11D3-BF4B-00C04F79EFBC}") = "csharp2012forprogrammers", "csharp2012forprogrammers\csharp2012forprogrammers.csproj", "{840AD3E2-635B-4B6C-94EE-1D44A4C635D1}"
EndProject
Global
	GlobalSection(SolutionConfigurationPlatforms) = preSolution
		Debug|Any CPU = Debug|Any CPU
		Release|Any CPU = Release|Any CPU
	EndGlobalSection
	GlobalSection(ProjectConfigurationPlatforms) = postSolution
		{840AD3E2-635B-4B6C-94EE-1D44A4C635D1}.Debug|Any CPU.ActiveCfg = Debug|Any CPU
		{840AD3E2-635B-4B6C-94EE-1D44A4C635D1}.Debug|Any CPU.Build.0 = Debug|Any CPU
		{840AD3E2-635B-4B6C-94EE-1D44A4C635D1}.Release|Any CPU.ActiveCfg = Release|Any CPU
		{840AD3E2-635B-4B6C-94EE-1D44A4C635D1}.Release|Any CPU.Build.0 = Release|Any CPU
	EndGlobalSection
	GlobalSection(SolutionProperties) = preSolution
		HideSolutionNode = FALSE
	EndGlobalSection
	GlobalSection(ExtensibilityGlobals) = postSolution
		SolutionGuid = {7F9FA92A-CE67-4862-8296-AA3A58DC1058}
	EndGlobalSection
EndGlobal
